
Microsoft Visual Studio Solution File, Format Version 12.00
# Visual Studio Version 17
VisualStudioVersion = 17.4.33213.308
MinimumVisualStudioVersion = 10.0.40219.1
Project("{FAE04EC0-301F-11D3-BF4B-00C04F79EFBC}") = "WorkingDayCalculator.Console", "WorkingDayCalculator\WorkingDayCalculator.Console.csproj", "{6C3338A7-BAD3-439B-BFE2-58B44446EB6D}"
EndProject
Project("{FAE04EC0-301F-11D3-BF4B-00C04F79EFBC}") = "WorkingDayCalculator.Application", "WorkingTimeCalculator.Application\WorkingDayCalculator.Application.csproj", "{AC4C70FA-FA89-48C2-975E-ECC3FFC2CF43}"
EndProject
Project("{FAE04EC0-301F-11D3-BF4B-00C04F79EFBC}") = "WorkingDayCalculator.Infrastructure", "WorkingDayCalculator.Infrastructure.cs\WorkingDayCalculator.Infrastructure.csproj", "{4D959466-F3EB-4E0F-A6CD-FB40F1C5939F}"
EndProject
Global
	GlobalSection(SolutionConfigurationPlatforms) = preSolution
		Debug|Any CPU = Debug|Any CPU
		Release|Any CPU = Release|Any CPU
	EndGlobalSection
	GlobalSection(ProjectConfigurationPlatforms) = postSolution
		{6C3338A7-BAD3-439B-BFE2-58B44446EB6D}.Debug|Any CPU.ActiveCfg = Debug|Any CPU
		{6C3338A7-BAD3-439B-BFE2-58B44446EB6D}.Debug|Any CPU.Build.0 = Debug|Any CPU
		{6C3338A7-BAD3-439B-BFE2-58B44446EB6D}.Release|Any CPU.ActiveCfg = Release|Any CPU
		{6C3338A7-BAD3-439B-BFE2-58B44446EB6D}.Release|Any CPU.Build.0 = Release|Any CPU
		{AC4C70FA-FA89-48C2-975E-ECC3FFC2CF43}.Debug|Any CPU.ActiveCfg = Debug|Any CPU
		{AC4C70FA-FA89-48C2-975E-ECC3FFC2CF43}.Debug|Any CPU.Build.0 = Debug|Any CPU
		{AC4C70FA-FA89-48C2-975E-ECC3FFC2CF43}.Release|Any CPU.ActiveCfg = Release|Any CPU
		{AC4C70FA-FA89-48C2-975E-ECC3FFC2CF43}.Release|Any CPU.Build.0 = Release|Any CPU
		{4D959466-F3EB-4E0F-A6CD-FB40F1C5939F}.Debug|Any CPU.ActiveCfg = Debug|Any CPU
		{4D959466-F3EB-4E0F-A6CD-FB40F1C5939F}.Debug|Any CPU.Build.0 = Debug|Any CPU
		{4D959466-F3EB-4E0F-A6CD-FB40F1C5939F}.Release|Any CPU.ActiveCfg = Release|Any CPU
		{4D959466-F3EB-4E0F-A6CD-FB40F1C5939F}.Release|Any CPU.Build.0 = Release|Any CPU
	EndGlobalSection
	GlobalSection(SolutionProperties) = preSolution
		HideSolutionNode = FALSE
	EndGlobalSection
	GlobalSection(ExtensibilityGlobals) = postSolution
		SolutionGuid = {D70A04F1-AE59-400D-A48E-250236902825}
	EndGlobalSection
EndGlobal
